
Microsoft Visual Studio Solution File, Format Version 12.00
# Visual Studio 2012
Project("{FAE04EC0-301F-11D3-BF4B-00C04F79EFBC}") = "HTML_Analysis", "HTML_Analysis\HTML_Analysis.csproj", "{290906A0-01F7-480E-9C4A-84E29B6CD802}"
EndProject
Global
	GlobalSection(SolutionConfigurationPlatforms) = preSolution
		Debug|Any CPU = Debug|Any CPU
		Release|Any CPU = Release|Any CPU
	EndGlobalSection
	GlobalSection(ProjectConfigurationPlatforms) = postSolution
		{290906A0-01F7-480E-9C4A-84E29B6CD802}.Debug|Any CPU.ActiveCfg = Debug|Any CPU
		{290906A0-01F7-480E-9C4A-84E29B6CD802}.Debug|Any CPU.Build.0 = Debug|Any CPU
		{290906A0-01F7-480E-9C4A-84E29B6CD802}.Release|Any CPU.ActiveCfg = Release|Any CPU
		{290906A0-01F7-480E-9C4A-84E29B6CD802}.Release|Any CPU.Build.0 = Release|Any CPU
	EndGlobalSection
	GlobalSection(SolutionProperties) = preSolution
		HideSolutionNode = FALSE
	EndGlobalSection
EndGlobal
